
Microsoft Visual Studio Solution File, Format Version 12.00
# Visual Studio Version 17
VisualStudioVersion = 17.5.002.0
MinimumVisualStudioVersion = 10.0.40219.1
Project("{9A19103F-16F7-4668-BE54-9A1E7A4F7556}") = "Point1to3", "Point1to3\Point1to3.csproj", "{1419DAEC-0AF1-4868-A57D-807E25C92262}"
EndProject
Project("{9A19103F-16F7-4668-BE54-9A1E7A4F7556}") = "Point4and10", "Point4and10\Point4and10.csproj", "{057BC686-B6D2-44CE-B818-788EADE66255}"
EndProject
Project("{9A19103F-16F7-4668-BE54-9A1E7A4F7556}") = "Point5", "Point5\Point5.csproj", "{138C36AF-7B7F-4F9B-A259-AC877615F88B}"
EndProject
Project("{9A19103F-16F7-4668-BE54-9A1E7A4F7556}") = "Point6", "Point6and11\Point6.csproj", "{2CD017C0-CA60-4123-8572-10FF3A5B12BE}"
EndProject
Project("{9A19103F-16F7-4668-BE54-9A1E7A4F7556}") = "Point7", "Point7\Point7.csproj", "{B214219B-1CC5-418F-BC51-463A8437E6B9}"
EndProject
Project("{9A19103F-16F7-4668-BE54-9A1E7A4F7556}") = "Point8", "Point8\Point8.csproj", "{CFD4BCF6-A5C2-468A-9EEB-3A9279CF3838}"
EndProject
Project("{9A19103F-16F7-4668-BE54-9A1E7A4F7556}") = "Point9", "Point9\Point9.csproj", "{5D6D2B70-5B4E-4EA2-B387-411C3D4496EE}"
EndProject
Global
	GlobalSection(SolutionConfigurationPlatforms) = preSolution
		Debug|Any CPU = Debug|Any CPU
		Release|Any CPU = Release|Any CPU
	EndGlobalSection
	GlobalSection(ProjectConfigurationPlatforms) = postSolution
		{1419DAEC-0AF1-4868-A57D-807E25C92262}.Debug|Any CPU.ActiveCfg = Debug|Any CPU
		{1419DAEC-0AF1-4868-A57D-807E25C92262}.Debug|Any CPU.Build.0 = Debug|Any CPU
		{1419DAEC-0AF1-4868-A57D-807E25C92262}.Release|Any CPU.ActiveCfg = Release|Any CPU
		{1419DAEC-0AF1-4868-A57D-807E25C92262}.Release|Any CPU.Build.0 = Release|Any CPU
		{057BC686-B6D2-44CE-B818-788EADE66255}.Debug|Any CPU.ActiveCfg = Debug|Any CPU
		{057BC686-B6D2-44CE-B818-788EADE66255}.Debug|Any CPU.Build.0 = Debug|Any CPU
		{057BC686-B6D2-44CE-B818-788EADE66255}.Release|Any CPU.ActiveCfg = Release|Any CPU
		{057BC686-B6D2-44CE-B818-788EADE66255}.Release|Any CPU.Build.0 = Release|Any CPU
		{138C36AF-7B7F-4F9B-A259-AC877615F88B}.Debug|Any CPU.ActiveCfg = Debug|Any CPU
		{138C36AF-7B7F-4F9B-A259-AC877615F88B}.Debug|Any CPU.Build.0 = Debug|Any CPU
		{138C36AF-7B7F-4F9B-A259-AC877615F88B}.Release|Any CPU.ActiveCfg = Release|Any CPU
		{138C36AF-7B7F-4F9B-A259-AC877615F88B}.Release|Any CPU.Build.0 = Release|Any CPU
		{2CD017C0-CA60-4123-8572-10FF3A5B12BE}.Debug|Any CPU.ActiveCfg = Debug|Any CPU
		{2CD017C0-CA60-4123-8572-10FF3A5B12BE}.Debug|Any CPU.Build.0 = Debug|Any CPU
		{2CD017C0-CA60-4123-8572-10FF3A5B12BE}.Release|Any CPU.ActiveCfg = Release|Any CPU
		{2CD017C0-CA60-4123-8572-10FF3A5B12BE}.Release|Any CPU.Build.0 = Release|Any CPU
		{B214219B-1CC5-418F-BC51-463A8437E6B9}.Debug|Any CPU.ActiveCfg = Debug|Any CPU
		{B214219B-1CC5-418F-BC51-463A8437E6B9}.Debug|Any CPU.Build.0 = Debug|Any CPU
		{B214219B-1CC5-418F-BC51-463A8437E6B9}.Release|Any CPU.ActiveCfg = Release|Any CPU
		{B214219B-1CC5-418F-BC51-463A8437E6B9}.Release|Any CPU.Build.0 = Release|Any CPU
		{CFD4BCF6-A5C2-468A-9EEB-3A9279CF3838}.Debug|Any CPU.ActiveCfg = Debug|Any CPU
		{CFD4BCF6-A5C2-468A-9EEB-3A9279CF3838}.Debug|Any CPU.Build.0 = Debug|Any CPU
		{CFD4BCF6-A5C2-468A-9EEB-3A9279CF3838}.Release|Any CPU.ActiveCfg = Release|Any CPU
		{CFD4BCF6-A5C2-468A-9EEB-3A9279CF3838}.Release|Any CPU.Build.0 = Release|Any CPU
		{5D6D2B70-5B4E-4EA2-B387-411C3D4496EE}.Debug|Any CPU.ActiveCfg = Debug|Any CPU
		{5D6D2B70-5B4E-4EA2-B387-411C3D4496EE}.Debug|Any CPU.Build.0 = Debug|Any CPU
		{5D6D2B70-5B4E-4EA2-B387-411C3D4496EE}.Release|Any CPU.ActiveCfg = Release|Any CPU
		{5D6D2B70-5B4E-4EA2-B387-411C3D4496EE}.Release|Any CPU.Build.0 = Release|Any CPU
	EndGlobalSection
	GlobalSection(SolutionProperties) = preSolution
		HideSolutionNode = FALSE
	EndGlobalSection
	GlobalSection(ExtensibilityGlobals) = postSolution
		SolutionGuid = {E2EEEEFB-DAE2-4B95-BE48-54C1D0068542}
	EndGlobalSection
EndGlobal
